
Microsoft Visual Studio Solution File, Format Version 12.00
# Visual Studio Version 16
VisualStudioVersion = 16.0.28705.295
MinimumVisualStudioVersion = 10.0.40219.1
Project("{FAE04EC0-301F-11D3-BF4B-00C04F79EFBC}") = "DiscordBot", "DiscordBot\DiscordBot.csproj", "{F38AC0FC-4799-4611-AA85-E8B13035674D}"
EndProject
Global
	GlobalSection(SolutionConfigurationPlatforms) = preSolution
		Debug|Any CPU = Debug|Any CPU
		Release|Any CPU = Release|Any CPU
	EndGlobalSection
	GlobalSection(ProjectConfigurationPlatforms) = postSolution
		{F38AC0FC-4799-4611-AA85-E8B13035674D}.Debug|Any CPU.ActiveCfg = Debug|Any CPU
		{F38AC0FC-4799-4611-AA85-E8B13035674D}.Debug|Any CPU.Build.0 = Debug|Any CPU
		{F38AC0FC-4799-4611-AA85-E8B13035674D}.Release|Any CPU.ActiveCfg = Release|Any CPU
		{F38AC0FC-4799-4611-AA85-E8B13035674D}.Release|Any CPU.Build.0 = Release|Any CPU
	EndGlobalSection
	GlobalSection(SolutionProperties) = preSolution
		HideSolutionNode = FALSE
	EndGlobalSection
	GlobalSection(ExtensibilityGlobals) = postSolution
		SolutionGuid = {0ED5D5E2-24F2-44B2-B8EA-C5792139284B}
	EndGlobalSection
EndGlobal
