
Microsoft Visual Studio Solution File, Format Version 12.00
# Visual Studio Version 16
VisualStudioVersion = 16.0.28705.295
MinimumVisualStudioVersion = 10.0.40219.1
Project("{FAE04EC0-301F-11D3-BF4B-00C04F79EFBC}") = "DiscordBot", "DiscordBot.csproj", "{7BC32A06-6239-48AC-BE30-32934FD22693}"
EndProject
Project("{FAE04EC0-301F-11D3-BF4B-00C04F79EFBC}") = "DiscordBot.xUnit.Tests", "..\DiscordBot.xUnit.Tests\DiscordBot.xUnit.Tests.csproj", "{90D9796F-F101-46F8-A9EE-060D716FD3DA}"
EndProject
Global
	GlobalSection(SolutionProperties) = preSolution
		HideSolutionNode = FALSE
	EndGlobalSection
	GlobalSection(ExtensibilityGlobals) = postSolution
		SolutionGuid = {0ED5D5E2-24F2-44B2-B8EA-C5792139284B}
	EndGlobalSection
	GlobalSection(SolutionConfigurationPlatforms) = preSolution
		Debug|Any CPU = Debug|Any CPU
		Debug|x64 = Debug|x64
		Debug|x86 = Debug|x86
		Release|Any CPU = Release|Any CPU
		Release|x64 = Release|x64
		Release|x86 = Release|x86
	EndGlobalSection
	GlobalSection(ProjectConfigurationPlatforms) = postSolution
		{7BC32A06-6239-48AC-BE30-32934FD22693}.Debug|Any CPU.ActiveCfg = Debug|Any CPU
		{7BC32A06-6239-48AC-BE30-32934FD22693}.Debug|Any CPU.Build.0 = Debug|Any CPU
		{7BC32A06-6239-48AC-BE30-32934FD22693}.Debug|x64.ActiveCfg = Debug|Any CPU
		{7BC32A06-6239-48AC-BE30-32934FD22693}.Debug|x64.Build.0 = Debug|Any CPU
		{7BC32A06-6239-48AC-BE30-32934FD22693}.Debug|x86.ActiveCfg = Debug|Any CPU
		{7BC32A06-6239-48AC-BE30-32934FD22693}.Debug|x86.Build.0 = Debug|Any CPU
		{7BC32A06-6239-48AC-BE30-32934FD22693}.Release|Any CPU.ActiveCfg = Release|Any CPU
		{7BC32A06-6239-48AC-BE30-32934FD22693}.Release|Any CPU.Build.0 = Release|Any CPU
		{7BC32A06-6239-48AC-BE30-32934FD22693}.Release|x64.ActiveCfg = Release|Any CPU
		{7BC32A06-6239-48AC-BE30-32934FD22693}.Release|x64.Build.0 = Release|Any CPU
		{7BC32A06-6239-48AC-BE30-32934FD22693}.Release|x86.ActiveCfg = Release|Any CPU
		{7BC32A06-6239-48AC-BE30-32934FD22693}.Release|x86.Build.0 = Release|Any CPU
		{90D9796F-F101-46F8-A9EE-060D716FD3DA}.Debug|Any CPU.ActiveCfg = Debug|Any CPU
		{90D9796F-F101-46F8-A9EE-060D716FD3DA}.Debug|Any CPU.Build.0 = Debug|Any CPU
		{90D9796F-F101-46F8-A9EE-060D716FD3DA}.Debug|x64.ActiveCfg = Debug|Any CPU
		{90D9796F-F101-46F8-A9EE-060D716FD3DA}.Debug|x64.Build.0 = Debug|Any CPU
		{90D9796F-F101-46F8-A9EE-060D716FD3DA}.Debug|x86.ActiveCfg = Debug|Any CPU
		{90D9796F-F101-46F8-A9EE-060D716FD3DA}.Debug|x86.Build.0 = Debug|Any CPU
		{90D9796F-F101-46F8-A9EE-060D716FD3DA}.Release|Any CPU.ActiveCfg = Release|Any CPU
		{90D9796F-F101-46F8-A9EE-060D716FD3DA}.Release|Any CPU.Build.0 = Release|Any CPU
		{90D9796F-F101-46F8-A9EE-060D716FD3DA}.Release|x64.ActiveCfg = Release|Any CPU
		{90D9796F-F101-46F8-A9EE-060D716FD3DA}.Release|x64.Build.0 = Release|Any CPU
		{90D9796F-F101-46F8-A9EE-060D716FD3DA}.Release|x86.ActiveCfg = Release|Any CPU
		{90D9796F-F101-46F8-A9EE-060D716FD3DA}.Release|x86.Build.0 = Release|Any CPU
	EndGlobalSection
EndGlobal
